Microsoft Visual Studio Solution File, Format Version 11.00
# Visual Studio 2008

Project("{0769D63C-01C0-C97A-D147-0AEBEBE43301}") = "ReConstitutionHill", "Assembly-CSharp-firstpass.csproj", "{F98CB0EC-0ECF-D19D-6BAC-F02ACA2381DD}"
EndProject
Project("{0769D63C-01C0-C97A-D147-0AEBEBE43301}") = "ReConstitutionHill", "Assembly-CSharp.csproj", "{FF639AB9-F494-8750-7658-739C4FC44E85}"
EndProject
Project("{0769D63C-01C0-C97A-D147-0AEBEBE43301}") = "ReConstitutionHill", "Assembly-CSharp-Editor.csproj", "{BC9C5D24-C892-8578-620E-2CA65DF15938}"
EndProject
Project("{0769D63C-01C0-C97A-D147-0AEBEBE43301}") = "ReConstitutionHill", "Assembly-UnityScript-firstpass.unityproj", "{46B99E18-EDB8-2A32-98EF-12CBC4F32C88}"
EndProject
Project("{0769D63C-01C0-C97A-D147-0AEBEBE43301}") = "ReConstitutionHill", "Assembly-UnityScript-Editor.unityproj", "{836F1BC2-24C1-85FE-0E1C-B85F93E2A373}"
EndProject
Global
	GlobalSection(SolutionConfigurationPlatforms) = preSolution
		Debug|Any CPU = Debug|Any CPU
		Release|Any CPU = Release|Any CPU
	EndGlobalSection
	GlobalSection(ProjectConfigurationPlatforms) = postSolution
		{F98CB0EC-0ECF-D19D-6BAC-F02ACA2381DD}.Debug|Any CPU.ActiveCfg = Debug|Any CPU
		{F98CB0EC-0ECF-D19D-6BAC-F02ACA2381DD}.Debug|Any CPU.Build.0 = Debug|Any CPU
		{F98CB0EC-0ECF-D19D-6BAC-F02ACA2381DD}.Release|Any CPU.ActiveCfg = Release|Any CPU
		{F98CB0EC-0ECF-D19D-6BAC-F02ACA2381DD}.Release|Any CPU.Build.0 = Release|Any CPU
		{FF639AB9-F494-8750-7658-739C4FC44E85}.Debug|Any CPU.ActiveCfg = Debug|Any CPU
		{FF639AB9-F494-8750-7658-739C4FC44E85}.Debug|Any CPU.Build.0 = Debug|Any CPU
		{FF639AB9-F494-8750-7658-739C4FC44E85}.Release|Any CPU.ActiveCfg = Release|Any CPU
		{FF639AB9-F494-8750-7658-739C4FC44E85}.Release|Any CPU.Build.0 = Release|Any CPU
		{BC9C5D24-C892-8578-620E-2CA65DF15938}.Debug|Any CPU.ActiveCfg = Debug|Any CPU
		{BC9C5D24-C892-8578-620E-2CA65DF15938}.Debug|Any CPU.Build.0 = Debug|Any CPU
		{BC9C5D24-C892-8578-620E-2CA65DF15938}.Release|Any CPU.ActiveCfg = Release|Any CPU
		{BC9C5D24-C892-8578-620E-2CA65DF15938}.Release|Any CPU.Build.0 = Release|Any CPU
		{46B99E18-EDB8-2A32-98EF-12CBC4F32C88}.Debug|Any CPU.ActiveCfg = Debug|Any CPU
		{46B99E18-EDB8-2A32-98EF-12CBC4F32C88}.Debug|Any CPU.Build.0 = Debug|Any CPU
		{46B99E18-EDB8-2A32-98EF-12CBC4F32C88}.Release|Any CPU.ActiveCfg = Release|Any CPU
		{46B99E18-EDB8-2A32-98EF-12CBC4F32C88}.Release|Any CPU.Build.0 = Release|Any CPU
		{836F1BC2-24C1-85FE-0E1C-B85F93E2A373}.Debug|Any CPU.ActiveCfg = Debug|Any CPU
		{836F1BC2-24C1-85FE-0E1C-B85F93E2A373}.Debug|Any CPU.Build.0 = Debug|Any CPU
		{836F1BC2-24C1-85FE-0E1C-B85F93E2A373}.Release|Any CPU.ActiveCfg = Release|Any CPU
		{836F1BC2-24C1-85FE-0E1C-B85F93E2A373}.Release|Any CPU.Build.0 = Release|Any CPU
	EndGlobalSection
	GlobalSection(SolutionProperties) = preSolution
		HideSolutionNode = FALSE
	EndGlobalSection
	GlobalSection(MonoDevelopProperties) = preSolution
		StartupItem = Assembly-CSharp.csproj
		Policies = $0
		$0.TextStylePolicy = $1
		$1.inheritsSet = null
		$1.scope = text/x-csharp
		$0.CSharpFormattingPolicy = $2
		$2.inheritsSet = Mono
		$2.inheritsScope = text/x-csharp
		$2.scope = text/x-csharp
		$0.TextStylePolicy = $3
		$3.FileWidth = 120
		$3.TabWidth = 4
		$3.EolMarker = Unix
		$3.inheritsSet = Mono
		$3.inheritsScope = text/plain
		$3.scope = text/plain
	EndGlobalSection
EndGlobal
